{
  "name": "Command",
  "version": "1.0.0",
  "lockfileVersion": 3,
  "requires": true,
  "packages": {
    "": {
      "name": "Command",
      "version": "1.0.0",
      "dependencies": {
        "essentialib": "^1.0.0-alpha-3"
      }
    },
    "node_modules/essentialib": {
      "version": "1.0.0-alpha-4",
      "resolved": "https://registry.npmjs.org/essentialib/-/essentialib-1.0.0-alpha-4.tgz",
      "integrity": "sha512-um5L7JKkzjsEiYJ+9wYWeJd1SPfD+GO0vuc/xBbLuWeYXyeBj92jjVR7Hp36tlH5BIx+h10dCBpryyA6Ns0r3w=="
    }
  }
}
